
Microsoft Visual Studio Solution File, Format Version 12.00
# Visual Studio 15
VisualStudioVersion = 15.0.28010.2050
MinimumVisualStudioVersion = 10.0.40219.1
Project("{FAE04EC0-301F-11D3-BF4B-00C04F79EFBC}") = "Mapper", "Mapper\Mapper.csproj", "{3305F95B-6793-4F1B-95BA-B7E2152F5A3C}"
EndProject
Global
	GlobalSection(SolutionConfigurationPlatforms) = preSolution
		Debug|Any CPU = Debug|Any CPU
		Release|Any CPU = Release|Any CPU
	EndGlobalSection
	GlobalSection(ProjectConfigurationPlatforms) = postSolution
		{3305F95B-6793-4F1B-95BA-B7E2152F5A3C}.Debug|Any CPU.ActiveCfg = Debug|Any CPU
		{3305F95B-6793-4F1B-95BA-B7E2152F5A3C}.Debug|Any CPU.Build.0 = Debug|Any CPU
		{3305F95B-6793-4F1B-95BA-B7E2152F5A3C}.Release|Any CPU.ActiveCfg = Release|Any CPU
		{3305F95B-6793-4F1B-95BA-B7E2152F5A3C}.Release|Any CPU.Build.0 = Release|Any CPU
	EndGlobalSection
	GlobalSection(SolutionProperties) = preSolution
		HideSolutionNode = FALSE
	EndGlobalSection
	GlobalSection(ExtensibilityGlobals) = postSolution
		SolutionGuid = {054D3BAF-E93E-41B3-8598-C3201D865C09}
	EndGlobalSection
EndGlobal
